
Microsoft Visual Studio Solution File, Format Version 12.00
# Visual Studio Version 16
VisualStudioVersion = 16.0.31105.61
MinimumVisualStudioVersion = 10.0.40219.1
Project("{FAE04EC0-301F-11D3-BF4B-00C04F79EFBC}") = "FloodDetection", "FloodDetection\FloodDetection.csproj", "{C22D6004-B4F0-44B5-B675-21CF4D1E6D99}"
EndProject
Global
	GlobalSection(SolutionConfigurationPlatforms) = preSolution
		Debug|Any CPU = Debug|Any CPU
		Release|Any CPU = Release|Any CPU
	EndGlobalSection
	GlobalSection(ProjectConfigurationPlatforms) = postSolution
		{C22D6004-B4F0-44B5-B675-21CF4D1E6D99}.Debug|Any CPU.ActiveCfg = Debug|Any CPU
		{C22D6004-B4F0-44B5-B675-21CF4D1E6D99}.Debug|Any CPU.Build.0 = Debug|Any CPU
		{C22D6004-B4F0-44B5-B675-21CF4D1E6D99}.Release|Any CPU.ActiveCfg = Release|Any CPU
		{C22D6004-B4F0-44B5-B675-21CF4D1E6D99}.Release|Any CPU.Build.0 = Release|Any CPU
	EndGlobalSection
	GlobalSection(SolutionProperties) = preSolution
		HideSolutionNode = FALSE
	EndGlobalSection
	GlobalSection(ExtensibilityGlobals) = postSolution
		SolutionGuid = {D3888F0D-4790-4F21-93E9-9454B5597F99}
	EndGlobalSection
EndGlobal
